{
  "name": "newslettersignup",
  "version": "2.0.0",
  "lockfileVersion": 3,
  "requires": true,
  "packages": {
    "": {
      "name": "newslettersignup",
      "version": "2.0.0",
      "license": "Apache-2.0",
      "devDependencies": {
        "@types/aws-lambda": "^8.10.92"
      }
    },
    "node_modules/@types/aws-lambda": {
      "version": "8.10.148",
      "resolved": "https://registry.npmjs.org/@types/aws-lambda/-/aws-lambda-8.10.148.tgz",
      "integrity": "sha512-JL+2cfkY9ODQeE06hOxSFNkafjNk4JRBgY837kpoq1GHDttq2U3BA9IzKOWxS4DLjKoymGB4i9uBrlCkjUl1yg==",
      "dev": true,
      "license": "MIT"
    }
  }
}
